
Microsoft Visual Studio Solution File, Format Version 12.00
# TcXaeShell Solution File, Format Version 11.00
VisualStudioVersion = 17.10.35827.194
MinimumVisualStudioVersion = 10.0.40219.1
Project("{B1E792BE-AA5F-4E3C-8C82-674BF9C0715B}") = "TwinCAT Project Library Creator", "TwinCAT Project Library Creator\TwinCAT Project Library Creator.tsproj", "{D16EDA32-F7E9-481B-9A6F-3D1B679C1365}"
EndProject
Project("{DFBE7525-6864-4E62-8B2E-D530D69D9D96}") = "ScalingAndConversion", "ScalingAndConversion\ScalingAndConversion.tspproj", "{C637234A-0D37-4430-8FD3-E84B000DFB0A}"
EndProject
Project("{DFBE7525-6864-4E62-8B2E-D530D69D9D96}") = "ControlAlgorithm", "ControlAlgorithm\ControlAlgorithm.tspproj", "{8CBB2FA5-0D13-451E-8A0B-3B42F1D40F42}"
EndProject
Project("{DFBE7525-6864-4E62-8B2E-D530D69D9D96}") = "SignalGen", "SignalGen\SignalGen.tspproj", "{19A7554F-1449-4A2E-B223-5FD0E2B6C2EE}"
EndProject
Global
	GlobalSection(SolutionConfigurationPlatforms) = preSolution
		Debug|TwinCAT OS (ARMV7-A) = Debug|TwinCAT OS (ARMV7-A)
		Debug|TwinCAT OS (ARMV7-M) = Debug|TwinCAT OS (ARMV7-M)
		Debug|TwinCAT OS (ARMV8-A) = Debug|TwinCAT OS (ARMV8-A)
		Debug|TwinCAT OS (x64) = Debug|TwinCAT OS (x64)
		Debug|TwinCAT OS (x64-E) = Debug|TwinCAT OS (x64-E)
		Debug|TwinCAT RT (x64) = Debug|TwinCAT RT (x64)
		Debug|TwinCAT RT (x86) = Debug|TwinCAT RT (x86)
		Release|TwinCAT OS (ARMV7-A) = Release|TwinCAT OS (ARMV7-A)
		Release|TwinCAT OS (ARMV7-M) = Release|TwinCAT OS (ARMV7-M)
		Release|TwinCAT OS (ARMV8-A) = Release|TwinCAT OS (ARMV8-A)
		Release|TwinCAT OS (x64) = Release|TwinCAT OS (x64)
		Release|TwinCAT OS (x64-E) = Release|TwinCAT OS (x64-E)
		Release|TwinCAT RT (x64) = Release|TwinCAT RT (x64)
		Release|TwinCAT RT (x86) = Release|TwinCAT RT (x86)
	EndGlobalSection
	GlobalSection(ProjectConfigurationPlatforms) = postSolution
		{D16EDA32-F7E9-481B-9A6F-3D1B679C1365}.Debug|TwinCAT OS (ARMV7-A).ActiveCfg = Debug|TwinCAT OS (ARMV7-A)
		{D16EDA32-F7E9-481B-9A6F-3D1B679C1365}.Debug|TwinCAT OS (ARMV7-A).Build.0 = Debug|TwinCAT OS (ARMV7-A)
		{D16EDA32-F7E9-481B-9A6F-3D1B679C1365}.Debug|TwinCAT OS (ARMV7-M).ActiveCfg = Debug|TwinCAT OS (ARMV7-M)
		{D16EDA32-F7E9-481B-9A6F-3D1B679C1365}.Debug|TwinCAT OS (ARMV7-M).Build.0 = Debug|TwinCAT OS (ARMV7-M)
		{D16EDA32-F7E9-481B-9A6F-3D1B679C1365}.Debug|TwinCAT OS (ARMV8-A).ActiveCfg = Debug|TwinCAT OS (ARMV8-A)
		{D16EDA32-F7E9-481B-9A6F-3D1B679C1365}.Debug|TwinCAT OS (ARMV8-A).Build.0 = Debug|TwinCAT OS (ARMV8-A)
		{D16EDA32-F7E9-481B-9A6F-3D1B679C1365}.Debug|TwinCAT OS (x64).ActiveCfg = Debug|TwinCAT OS (x64)
		{D16EDA32-F7E9-481B-9A6F-3D1B679C1365}.Debug|TwinCAT OS (x64).Build.0 = Debug|TwinCAT OS (x64)
		{D16EDA32-F7E9-481B-9A6F-3D1B679C1365}.Debug|TwinCAT OS (x64-E).ActiveCfg = Debug|TwinCAT OS (x64-E)
		{D16EDA32-F7E9-481B-9A6F-3D1B679C1365}.Debug|TwinCAT OS (x64-E).Build.0 = Debug|TwinCAT OS (x64-E)
		{D16EDA32-F7E9-481B-9A6F-3D1B679C1365}.Debug|TwinCAT RT (x64).ActiveCfg = Debug|TwinCAT RT (x64)
		{D16EDA32-F7E9-481B-9A6F-3D1B679C1365}.Debug|TwinCAT RT (x64).Build.0 = Debug|TwinCAT RT (x64)
		{D16EDA32-F7E9-481B-9A6F-3D1B679C1365}.Debug|TwinCAT RT (x86).ActiveCfg = Debug|TwinCAT RT (x86)
		{D16EDA32-F7E9-481B-9A6F-3D1B679C1365}.Debug|TwinCAT RT (x86).Build.0 = Debug|TwinCAT RT (x86)
		{D16EDA32-F7E9-481B-9A6F-3D1B679C1365}.Release|TwinCAT OS (ARMV7-A).ActiveCfg = Release|TwinCAT OS (ARMV7-A)
		{D16EDA32-F7E9-481B-9A6F-3D1B679C1365}.Release|TwinCAT OS (ARMV7-A).Build.0 = Release|TwinCAT OS (ARMV7-A)
		{D16EDA32-F7E9-481B-9A6F-3D1B679C1365}.Release|TwinCAT OS (ARMV7-M).ActiveCfg = Release|TwinCAT OS (ARMV7-M)
		{D16EDA32-F7E9-481B-9A6F-3D1B679C1365}.Release|TwinCAT OS (ARMV7-M).Build.0 = Release|TwinCAT OS (ARMV7-M)
		{D16EDA32-F7E9-481B-9A6F-3D1B679C1365}.Release|TwinCAT OS (ARMV8-A).ActiveCfg = Release|TwinCAT OS (ARMV8-A)
		{D16EDA32-F7E9-481B-9A6F-3D1B679C1365}.Release|TwinCAT OS (ARMV8-A).Build.0 = Release|TwinCAT OS (ARMV8-A)
		{D16EDA32-F7E9-481B-9A6F-3D1B679C1365}.Release|TwinCAT OS (x64).ActiveCfg = Release|TwinCAT OS (x64)
		{D16EDA32-F7E9-481B-9A6F-3D1B679C1365}.Release|TwinCAT OS (x64).Build.0 = Release|TwinCAT OS (x64)
		{D16EDA32-F7E9-481B-9A6F-3D1B679C1365}.Release|TwinCAT OS (x64-E).ActiveCfg = Release|TwinCAT OS (x64-E)
		{D16EDA32-F7E9-481B-9A6F-3D1B679C1365}.Release|TwinCAT OS (x64-E).Build.0 = Release|TwinCAT OS (x64-E)
		{D16EDA32-F7E9-481B-9A6F-3D1B679C1365}.Release|TwinCAT RT (x64).ActiveCfg = Release|TwinCAT RT (x64)
		{D16EDA32-F7E9-481B-9A6F-3D1B679C1365}.Release|TwinCAT RT (x64).Build.0 = Release|TwinCAT RT (x64)
		{D16EDA32-F7E9-481B-9A6F-3D1B679C1365}.Release|TwinCAT RT (x86).ActiveCfg = Release|TwinCAT RT (x86)
		{D16EDA32-F7E9-481B-9A6F-3D1B679C1365}.Release|TwinCAT RT (x86).Build.0 = Release|TwinCAT RT (x86)
		{C637234A-0D37-4430-8FD3-E84B000DFB0A}.Debug|TwinCAT OS (ARMV7-A).ActiveCfg = Debug|TwinCAT OS (ARMV7-A)
		{C637234A-0D37-4430-8FD3-E84B000DFB0A}.Debug|TwinCAT OS (ARMV7-A).Build.0 = Debug|TwinCAT OS (ARMV7-A)
		{C637234A-0D37-4430-8FD3-E84B000DFB0A}.Debug|TwinCAT OS (ARMV7-M).ActiveCfg = Debug|TwinCAT OS (ARMV7-M)
		{C637234A-0D37-4430-8FD3-E84B000DFB0A}.Debug|TwinCAT OS (ARMV7-M).Build.0 = Debug|TwinCAT OS (ARMV7-M)
		{C637234A-0D37-4430-8FD3-E84B000DFB0A}.Debug|TwinCAT OS (ARMV8-A).ActiveCfg = Debug|TwinCAT OS (ARMV8-A)
		{C637234A-0D37-4430-8FD3-E84B000DFB0A}.Debug|TwinCAT OS (ARMV8-A).Build.0 = Debug|TwinCAT OS (ARMV8-A)
		{C637234A-0D37-4430-8FD3-E84B000DFB0A}.Debug|TwinCAT OS (x64).ActiveCfg = Debug|TwinCAT OS (x64)
		{C637234A-0D37-4430-8FD3-E84B000DFB0A}.Debug|TwinCAT OS (x64).Build.0 = Debug|TwinCAT OS (x64)
		{C637234A-0D37-4430-8FD3-E84B000DFB0A}.Debug|TwinCAT OS (x64-E).ActiveCfg = Debug|TwinCAT OS (x64-E)
		{C637234A-0D37-4430-8FD3-E84B000DFB0A}.Debug|TwinCAT OS (x64-E).Build.0 = Debug|TwinCAT OS (x64-E)
		{C637234A-0D37-4430-8FD3-E84B000DFB0A}.Debug|TwinCAT RT (x64).ActiveCfg = Debug|TwinCAT RT (x64)
		{C637234A-0D37-4430-8FD3-E84B000DFB0A}.Debug|TwinCAT RT (x64).Build.0 = Debug|TwinCAT RT (x64)
		{C637234A-0D37-4430-8FD3-E84B000DFB0A}.Debug|TwinCAT RT (x86).ActiveCfg = Debug|TwinCAT RT (x86)
		{C637234A-0D37-4430-8FD3-E84B000DFB0A}.Debug|TwinCAT RT (x86).Build.0 = Debug|TwinCAT RT (x86)
		{C637234A-0D37-4430-8FD3-E84B000DFB0A}.Release|TwinCAT OS (ARMV7-A).ActiveCfg = Release|TwinCAT OS (ARMV7-A)
		{C637234A-0D37-4430-8FD3-E84B000DFB0A}.Release|TwinCAT OS (ARMV7-A).Build.0 = Release|TwinCAT OS (ARMV7-A)
		{C637234A-0D37-4430-8FD3-E84B000DFB0A}.Release|TwinCAT OS (ARMV7-M).ActiveCfg = Release|TwinCAT OS (ARMV7-M)
		{C637234A-0D37-4430-8FD3-E84B000DFB0A}.Release|TwinCAT OS (ARMV7-M).Build.0 = Release|TwinCAT OS (ARMV7-M)
		{C637234A-0D37-4430-8FD3-E84B000DFB0A}.Release|TwinCAT OS (ARMV8-A).ActiveCfg = Release|TwinCAT OS (ARMV8-A)
		{C637234A-0D37-4430-8FD3-E84B000DFB0A}.Release|TwinCAT OS (ARMV8-A).Build.0 = Release|TwinCAT OS (ARMV8-A)
		{C637234A-0D37-4430-8FD3-E84B000DFB0A}.Release|TwinCAT OS (x64).ActiveCfg = Release|TwinCAT OS (x64)
		{C637234A-0D37-4430-8FD3-E84B000DFB0A}.Release|TwinCAT OS (x64).Build.0 = Release|TwinCAT OS (x64)
		{C637234A-0D37-4430-8FD3-E84B000DFB0A}.Release|TwinCAT OS (x64-E).ActiveCfg = Release|TwinCAT OS (x64-E)
		{C637234A-0D37-4430-8FD3-E84B000DFB0A}.Release|TwinCAT OS (x64-E).Build.0 = Release|TwinCAT OS (x64-E)
		{C637234A-0D37-4430-8FD3-E84B000DFB0A}.Release|TwinCAT RT (x64).ActiveCfg = Release|TwinCAT RT (x64)
		{C637234A-0D37-4430-8FD3-E84B000DFB0A}.Release|TwinCAT RT (x64).Build.0 = Release|TwinCAT RT (x64)
		{C637234A-0D37-4430-8FD3-E84B000DFB0A}.Release|TwinCAT RT (x86).ActiveCfg = Release|TwinCAT RT (x86)
		{C637234A-0D37-4430-8FD3-E84B000DFB0A}.Release|TwinCAT RT (x86).Build.0 = Release|TwinCAT RT (x86)
		{8CBB2FA5-0D13-451E-8A0B-3B42F1D40F42}.Debug|TwinCAT OS (ARMV7-A).ActiveCfg = Debug|TwinCAT OS (ARMV7-A)
		{8CBB2FA5-0D13-451E-8A0B-3B42F1D40F42}.Debug|TwinCAT OS (ARMV7-A).Build.0 = Debug|TwinCAT OS (ARMV7-A)
		{8CBB2FA5-0D13-451E-8A0B-3B42F1D40F42}.Debug|TwinCAT OS (ARMV7-M).ActiveCfg = Debug|TwinCAT OS (ARMV7-M)
		{8CBB2FA5-0D13-451E-8A0B-3B42F1D40F42}.Debug|TwinCAT OS (ARMV7-M).Build.0 = Debug|TwinCAT OS (ARMV7-M)
		{8CBB2FA5-0D13-451E-8A0B-3B42F1D40F42}.Debug|TwinCAT OS (ARMV8-A).ActiveCfg = Debug|TwinCAT OS (ARMV8-A)
		{8CBB2FA5-0D13-451E-8A0B-3B42F1D40F42}.Debug|TwinCAT OS (ARMV8-A).Build.0 = Debug|TwinCAT OS (ARMV8-A)
		{8CBB2FA5-0D13-451E-8A0B-3B42F1D40F42}.Debug|TwinCAT OS (x64).ActiveCfg = Debug|TwinCAT OS (x64)
		{8CBB2FA5-0D13-451E-8A0B-3B42F1D40F42}.Debug|TwinCAT OS (x64).Build.0 = Debug|TwinCAT OS (x64)
		{8CBB2FA5-0D13-451E-8A0B-3B42F1D40F42}.Debug|TwinCAT OS (x64-E).ActiveCfg = Debug|TwinCAT OS (x64-E)
		{8CBB2FA5-0D13-451E-8A0B-3B42F1D40F42}.Debug|TwinCAT OS (x64-E).Build.0 = Debug|TwinCAT OS (x64-E)
		{8CBB2FA5-0D13-451E-8A0B-3B42F1D40F42}.Debug|TwinCAT RT (x64).ActiveCfg = Debug|TwinCAT RT (x64)
		{8CBB2FA5-0D13-451E-8A0B-3B42F1D40F42}.Debug|TwinCAT RT (x64).Build.0 = Debug|TwinCAT RT (x64)
		{8CBB2FA5-0D13-451E-8A0B-3B42F1D40F42}.Debug|TwinCAT RT (x86).ActiveCfg = Debug|TwinCAT RT (x86)
		{8CBB2FA5-0D13-451E-8A0B-3B42F1D40F42}.Debug|TwinCAT RT (x86).Build.0 = Debug|TwinCAT RT (x86)
		{8CBB2FA5-0D13-451E-8A0B-3B42F1D40F42}.Release|TwinCAT OS (ARMV7-A).ActiveCfg = Release|TwinCAT OS (ARMV7-A)
		{8CBB2FA5-0D13-451E-8A0B-3B42F1D40F42}.Release|TwinCAT OS (ARMV7-A).Build.0 = Release|TwinCAT OS (ARMV7-A)
		{8CBB2FA5-0D13-451E-8A0B-3B42F1D40F42}.Release|TwinCAT OS (ARMV7-M).ActiveCfg = Release|TwinCAT OS (ARMV7-M)
		{8CBB2FA5-0D13-451E-8A0B-3B42F1D40F42}.Release|TwinCAT OS (ARMV7-M).Build.0 = Release|TwinCAT OS (ARMV7-M)
		{8CBB2FA5-0D13-451E-8A0B-3B42F1D40F42}.Release|TwinCAT OS (ARMV8-A).ActiveCfg = Release|TwinCAT OS (ARMV8-A)
		{8CBB2FA5-0D13-451E-8A0B-3B42F1D40F42}.Release|TwinCAT OS (ARMV8-A).Build.0 = Release|TwinCAT OS (ARMV8-A)
		{8CBB2FA5-0D13-451E-8A0B-3B42F1D40F42}.Release|TwinCAT OS (x64).ActiveCfg = Release|TwinCAT OS (x64)
		{8CBB2FA5-0D13-451E-8A0B-3B42F1D40F42}.Release|TwinCAT OS (x64).Build.0 = Release|TwinCAT OS (x64)
		{8CBB2FA5-0D13-451E-8A0B-3B42F1D40F42}.Release|TwinCAT OS (x64-E).ActiveCfg = Release|TwinCAT OS (x64-E)
		{8CBB2FA5-0D13-451E-8A0B-3B42F1D40F42}.Release|TwinCAT OS (x64-E).Build.0 = Release|TwinCAT OS (x64-E)
		{8CBB2FA5-0D13-451E-8A0B-3B42F1D40F42}.Release|TwinCAT RT (x64).ActiveCfg = Release|TwinCAT RT (x64)
		{8CBB2FA5-0D13-451E-8A0B-3B42F1D40F42}.Release|TwinCAT RT (x64).Build.0 = Release|TwinCAT RT (x64)
		{8CBB2FA5-0D13-451E-8A0B-3B42F1D40F42}.Release|TwinCAT RT (x86).ActiveCfg = Release|TwinCAT RT (x86)
		{8CBB2FA5-0D13-451E-8A0B-3B42F1D40F42}.Release|TwinCAT RT (x86).Build.0 = Release|TwinCAT RT (x86)
		{19A7554F-1449-4A2E-B223-5FD0E2B6C2EE}.Debug|TwinCAT OS (ARMV7-A).ActiveCfg = Debug|TwinCAT OS (ARMV7-A)
		{19A7554F-1449-4A2E-B223-5FD0E2B6C2EE}.Debug|TwinCAT OS (ARMV7-A).Build.0 = Debug|TwinCAT OS (ARMV7-A)
		{19A7554F-1449-4A2E-B223-5FD0E2B6C2EE}.Debug|TwinCAT OS (ARMV7-M).ActiveCfg = Debug|TwinCAT OS (ARMV7-M)
		{19A7554F-1449-4A2E-B223-5FD0E2B6C2EE}.Debug|TwinCAT OS (ARMV7-M).Build.0 = Debug|TwinCAT OS (ARMV7-M)
		{19A7554F-1449-4A2E-B223-5FD0E2B6C2EE}.Debug|TwinCAT OS (ARMV8-A).ActiveCfg = Debug|TwinCAT OS (ARMV8-A)
		{19A7554F-1449-4A2E-B223-5FD0E2B6C2EE}.Debug|TwinCAT OS (ARMV8-A).Build.0 = Debug|TwinCAT OS (ARMV8-A)
		{19A7554F-1449-4A2E-B223-5FD0E2B6C2EE}.Debug|TwinCAT OS (x64).ActiveCfg = Debug|TwinCAT OS (x64)
		{19A7554F-1449-4A2E-B223-5FD0E2B6C2EE}.Debug|TwinCAT OS (x64).Build.0 = Debug|TwinCAT OS (x64)
		{19A7554F-1449-4A2E-B223-5FD0E2B6C2EE}.Debug|TwinCAT OS (x64-E).ActiveCfg = Debug|TwinCAT OS (x64-E)
		{19A7554F-1449-4A2E-B223-5FD0E2B6C2EE}.Debug|TwinCAT OS (x64-E).Build.0 = Debug|TwinCAT OS (x64-E)
		{19A7554F-1449-4A2E-B223-5FD0E2B6C2EE}.Debug|TwinCAT RT (x64).ActiveCfg = Debug|TwinCAT RT (x64)
		{19A7554F-1449-4A2E-B223-5FD0E2B6C2EE}.Debug|TwinCAT RT (x64).Build.0 = Debug|TwinCAT RT (x64)
		{19A7554F-1449-4A2E-B223-5FD0E2B6C2EE}.Debug|TwinCAT RT (x86).ActiveCfg = Debug|TwinCAT RT (x86)
		{19A7554F-1449-4A2E-B223-5FD0E2B6C2EE}.Debug|TwinCAT RT (x86).Build.0 = Debug|TwinCAT RT (x86)
		{19A7554F-1449-4A2E-B223-5FD0E2B6C2EE}.Release|TwinCAT OS (ARMV7-A).ActiveCfg = Release|TwinCAT OS (ARMV7-A)
		{19A7554F-1449-4A2E-B223-5FD0E2B6C2EE}.Release|TwinCAT OS (ARMV7-A).Build.0 = Release|TwinCAT OS (ARMV7-A)
		{19A7554F-1449-4A2E-B223-5FD0E2B6C2EE}.Release|TwinCAT OS (ARMV7-M).ActiveCfg = Release|TwinCAT OS (ARMV7-M)
		{19A7554F-1449-4A2E-B223-5FD0E2B6C2EE}.Release|TwinCAT OS (ARMV7-M).Build.0 = Release|TwinCAT OS (ARMV7-M)
		{19A7554F-1449-4A2E-B223-5FD0E2B6C2EE}.Release|TwinCAT OS (ARMV8-A).ActiveCfg = Release|TwinCAT OS (ARMV8-A)
		{19A7554F-1449-4A2E-B223-5FD0E2B6C2EE}.Release|TwinCAT OS (ARMV8-A).Build.0 = Release|TwinCAT OS (ARMV8-A)
		{19A7554F-1449-4A2E-B223-5FD0E2B6C2EE}.Release|TwinCAT OS (x64).ActiveCfg = Release|TwinCAT OS (x64)
		{19A7554F-1449-4A2E-B223-5FD0E2B6C2EE}.Release|TwinCAT OS (x64).Build.0 = Release|TwinCAT OS (x64)
		{19A7554F-1449-4A2E-B223-5FD0E2B6C2EE}.Release|TwinCAT OS (x64-E).ActiveCfg = Release|TwinCAT OS (x64-E)
		{19A7554F-1449-4A2E-B223-5FD0E2B6C2EE}.Release|TwinCAT OS (x64-E).Build.0 = Release|TwinCAT OS (x64-E)
		{19A7554F-1449-4A2E-B223-5FD0E2B6C2EE}.Release|TwinCAT RT (x64).ActiveCfg = Release|TwinCAT RT (x64)
		{19A7554F-1449-4A2E-B223-5FD0E2B6C2EE}.Release|TwinCAT RT (x64).Build.0 = Release|TwinCAT RT (x64)
		{19A7554F-1449-4A2E-B223-5FD0E2B6C2EE}.Release|TwinCAT RT (x86).ActiveCfg = Release|TwinCAT RT (x86)
		{19A7554F-1449-4A2E-B223-5FD0E2B6C2EE}.Release|TwinCAT RT (x86).Build.0 = Release|TwinCAT RT (x86)
		{BBFCCC2B-3539-4819-A10F-EB3D9F471B22}.Debug|TwinCAT OS (ARMV7-A).ActiveCfg = Debug|TwinCAT OS (ARMV7-A)
		{BBFCCC2B-3539-4819-A10F-EB3D9F471B22}.Debug|TwinCAT OS (ARMV7-A).Build.0 = Debug|TwinCAT OS (ARMV7-A)
		{BBFCCC2B-3539-4819-A10F-EB3D9F471B22}.Debug|TwinCAT OS (ARMV7-M).ActiveCfg = Debug|TwinCAT OS (ARMV7-M)
		{BBFCCC2B-3539-4819-A10F-EB3D9F471B22}.Debug|TwinCAT OS (ARMV7-M).Build.0 = Debug|TwinCAT OS (ARMV7-M)
		{BBFCCC2B-3539-4819-A10F-EB3D9F471B22}.Debug|TwinCAT OS (ARMV8-A).ActiveCfg = Debug|TwinCAT OS (ARMV8-A)
		{BBFCCC2B-3539-4819-A10F-EB3D9F471B22}.Debug|TwinCAT OS (ARMV8-A).Build.0 = Debug|TwinCAT OS (ARMV8-A)
		{BBFCCC2B-3539-4819-A10F-EB3D9F471B22}.Debug|TwinCAT OS (x64).ActiveCfg = Debug|TwinCAT OS (x64)
		{BBFCCC2B-3539-4819-A10F-EB3D9F471B22}.Debug|TwinCAT OS (x64).Build.0 = Debug|TwinCAT OS (x64)
		{BBFCCC2B-3539-4819-A10F-EB3D9F471B22}.Debug|TwinCAT OS (x64-E).ActiveCfg = Debug|TwinCAT OS (x64-E)
		{BBFCCC2B-3539-4819-A10F-EB3D9F471B22}.Debug|TwinCAT OS (x64-E).Build.0 = Debug|TwinCAT OS (x64-E)
		{BBFCCC2B-3539-4819-A10F-EB3D9F471B22}.Debug|TwinCAT RT (x64).ActiveCfg = Debug|TwinCAT RT (x64)
		{BBFCCC2B-3539-4819-A10F-EB3D9F471B22}.Debug|TwinCAT RT (x64).Build.0 = Debug|TwinCAT RT (x64)
		{BBFCCC2B-3539-4819-A10F-EB3D9F471B22}.Debug|TwinCAT RT (x86).ActiveCfg = Debug|TwinCAT RT (x86)
		{BBFCCC2B-3539-4819-A10F-EB3D9F471B22}.Debug|TwinCAT RT (x86).Build.0 = Debug|TwinCAT RT (x86)
		{BBFCCC2B-3539-4819-A10F-EB3D9F471B22}.Release|TwinCAT OS (ARMV7-A).ActiveCfg = Release|TwinCAT OS (ARMV7-A)
		{BBFCCC2B-3539-4819-A10F-EB3D9F471B22}.Release|TwinCAT OS (ARMV7-A).Build.0 = Release|TwinCAT OS (ARMV7-A)
		{BBFCCC2B-3539-4819-A10F-EB3D9F471B22}.Release|TwinCAT OS (ARMV7-M).ActiveCfg = Release|TwinCAT OS (ARMV7-M)
		{BBFCCC2B-3539-4819-A10F-EB3D9F471B22}.Release|TwinCAT OS (ARMV7-M).Build.0 = Release|TwinCAT OS (ARMV7-M)
		{BBFCCC2B-3539-4819-A10F-EB3D9F471B22}.Release|TwinCAT OS (ARMV8-A).ActiveCfg = Release|TwinCAT OS (ARMV8-A)
		{BBFCCC2B-3539-4819-A10F-EB3D9F471B22}.Release|TwinCAT OS (ARMV8-A).Build.0 = Release|TwinCAT OS (ARMV8-A)
		{BBFCCC2B-3539-4819-A10F-EB3D9F471B22}.Release|TwinCAT OS (x64).ActiveCfg = Release|TwinCAT OS (x64)
		{BBFCCC2B-3539-4819-A10F-EB3D9F471B22}.Release|TwinCAT OS (x64).Build.0 = Release|TwinCAT OS (x64)
		{BBFCCC2B-3539-4819-A10F-EB3D9F471B22}.Release|TwinCAT OS (x64-E).ActiveCfg = Release|TwinCAT OS (x64-E)
		{BBFCCC2B-3539-4819-A10F-EB3D9F471B22}.Release|TwinCAT OS (x64-E).Build.0 = Release|TwinCAT OS (x64-E)
		{BBFCCC2B-3539-4819-A10F-EB3D9F471B22}.Release|TwinCAT RT (x64).ActiveCfg = Release|TwinCAT RT (x64)
		{BBFCCC2B-3539-4819-A10F-EB3D9F471B22}.Release|TwinCAT RT (x64).Build.0 = Release|TwinCAT RT (x64)
		{BBFCCC2B-3539-4819-A10F-EB3D9F471B22}.Release|TwinCAT RT (x86).ActiveCfg = Release|TwinCAT RT (x86)
		{BBFCCC2B-3539-4819-A10F-EB3D9F471B22}.Release|TwinCAT RT (x86).Build.0 = Release|TwinCAT RT (x86)
		{E0166A48-61E3-44E3-94F9-BF941B9578E7}.Debug|TwinCAT OS (ARMV7-A).ActiveCfg = Debug|TwinCAT OS (ARMV7-A)
		{E0166A48-61E3-44E3-94F9-BF941B9578E7}.Debug|TwinCAT OS (ARMV7-A).Build.0 = Debug|TwinCAT OS (ARMV7-A)
		{E0166A48-61E3-44E3-94F9-BF941B9578E7}.Debug|TwinCAT OS (ARMV7-M).ActiveCfg = Debug|TwinCAT OS (ARMV7-M)
		{E0166A48-61E3-44E3-94F9-BF941B9578E7}.Debug|TwinCAT OS (ARMV7-M).Build.0 = Debug|TwinCAT OS (ARMV7-M)
		{E0166A48-61E3-44E3-94F9-BF941B9578E7}.Debug|TwinCAT OS (ARMV8-A).ActiveCfg = Debug|TwinCAT OS (ARMV8-A)
		{E0166A48-61E3-44E3-94F9-BF941B9578E7}.Debug|TwinCAT OS (ARMV8-A).Build.0 = Debug|TwinCAT OS (ARMV8-A)
		{E0166A48-61E3-44E3-94F9-BF941B9578E7}.Debug|TwinCAT OS (x64).ActiveCfg = Debug|TwinCAT OS (x64)
		{E0166A48-61E3-44E3-94F9-BF941B9578E7}.Debug|TwinCAT OS (x64).Build.0 = Debug|TwinCAT OS (x64)
		{E0166A48-61E3-44E3-94F9-BF941B9578E7}.Debug|TwinCAT OS (x64-E).ActiveCfg = Debug|TwinCAT OS (x64-E)
		{E0166A48-61E3-44E3-94F9-BF941B9578E7}.Debug|TwinCAT OS (x64-E).Build.0 = Debug|TwinCAT OS (x64-E)
		{E0166A48-61E3-44E3-94F9-BF941B9578E7}.Debug|TwinCAT RT (x64).ActiveCfg = Debug|TwinCAT RT (x64)
		{E0166A48-61E3-44E3-94F9-BF941B9578E7}.Debug|TwinCAT RT (x64).Build.0 = Debug|TwinCAT RT (x64)
		{E0166A48-61E3-44E3-94F9-BF941B9578E7}.Debug|TwinCAT RT (x86).ActiveCfg = Debug|TwinCAT RT (x86)
		{E0166A48-61E3-44E3-94F9-BF941B9578E7}.Debug|TwinCAT RT (x86).Build.0 = Debug|TwinCAT RT (x86)
		{E0166A48-61E3-44E3-94F9-BF941B9578E7}.Release|TwinCAT OS (ARMV7-A).ActiveCfg = Release|TwinCAT OS (ARMV7-A)
		{E0166A48-61E3-44E3-94F9-BF941B9578E7}.Release|TwinCAT OS (ARMV7-A).Build.0 = Release|TwinCAT OS (ARMV7-A)
		{E0166A48-61E3-44E3-94F9-BF941B9578E7}.Release|TwinCAT OS (ARMV7-M).ActiveCfg = Release|TwinCAT OS (ARMV7-M)
		{E0166A48-61E3-44E3-94F9-BF941B9578E7}.Release|TwinCAT OS (ARMV7-M).Build.0 = Release|TwinCAT OS (ARMV7-M)
		{E0166A48-61E3-44E3-94F9-BF941B9578E7}.Release|TwinCAT OS (ARMV8-A).ActiveCfg = Release|TwinCAT OS (ARMV8-A)
		{E0166A48-61E3-44E3-94F9-BF941B9578E7}.Release|TwinCAT OS (ARMV8-A).Build.0 = Release|TwinCAT OS (ARMV8-A)
		{E0166A48-61E3-44E3-94F9-BF941B9578E7}.Release|TwinCAT OS (x64).ActiveCfg = Release|TwinCAT OS (x64)
		{E0166A48-61E3-44E3-94F9-BF941B9578E7}.Release|TwinCAT OS (x64).Build.0 = Release|TwinCAT OS (x64)
		{E0166A48-61E3-44E3-94F9-BF941B9578E7}.Release|TwinCAT OS (x64-E).ActiveCfg = Release|TwinCAT OS (x64-E)
		{E0166A48-61E3-44E3-94F9-BF941B9578E7}.Release|TwinCAT OS (x64-E).Build.0 = Release|TwinCAT OS (x64-E)
		{E0166A48-61E3-44E3-94F9-BF941B9578E7}.Release|TwinCAT RT (x64).ActiveCfg = Release|TwinCAT RT (x64)
		{E0166A48-61E3-44E3-94F9-BF941B9578E7}.Release|TwinCAT RT (x64).Build.0 = Release|TwinCAT RT (x64)
		{E0166A48-61E3-44E3-94F9-BF941B9578E7}.Release|TwinCAT RT (x86).ActiveCfg = Release|TwinCAT RT (x86)
		{E0166A48-61E3-44E3-94F9-BF941B9578E7}.Release|TwinCAT RT (x86).Build.0 = Release|TwinCAT RT (x86)
		{1ED7AB70-086E-4237-9591-150B2F7A5494}.Debug|TwinCAT OS (ARMV7-A).ActiveCfg = Debug|TwinCAT OS (ARMV7-A)
		{1ED7AB70-086E-4237-9591-150B2F7A5494}.Debug|TwinCAT OS (ARMV7-A).Build.0 = Debug|TwinCAT OS (ARMV7-A)
		{1ED7AB70-086E-4237-9591-150B2F7A5494}.Debug|TwinCAT OS (ARMV7-M).ActiveCfg = Debug|TwinCAT OS (ARMV7-M)
		{1ED7AB70-086E-4237-9591-150B2F7A5494}.Debug|TwinCAT OS (ARMV7-M).Build.0 = Debug|TwinCAT OS (ARMV7-M)
		{1ED7AB70-086E-4237-9591-150B2F7A5494}.Debug|TwinCAT OS (ARMV8-A).ActiveCfg = Debug|TwinCAT OS (ARMV8-A)
		{1ED7AB70-086E-4237-9591-150B2F7A5494}.Debug|TwinCAT OS (ARMV8-A).Build.0 = Debug|TwinCAT OS (ARMV8-A)
		{1ED7AB70-086E-4237-9591-150B2F7A5494}.Debug|TwinCAT OS (x64).ActiveCfg = Debug|TwinCAT OS (x64)
		{1ED7AB70-086E-4237-9591-150B2F7A5494}.Debug|TwinCAT OS (x64).Build.0 = Debug|TwinCAT OS (x64)
		{1ED7AB70-086E-4237-9591-150B2F7A5494}.Debug|TwinCAT OS (x64-E).ActiveCfg = Debug|TwinCAT OS (x64-E)
		{1ED7AB70-086E-4237-9591-150B2F7A5494}.Debug|TwinCAT OS (x64-E).Build.0 = Debug|TwinCAT OS (x64-E)
		{1ED7AB70-086E-4237-9591-150B2F7A5494}.Debug|TwinCAT RT (x64).ActiveCfg = Debug|TwinCAT RT (x64)
		{1ED7AB70-086E-4237-9591-150B2F7A5494}.Debug|TwinCAT RT (x64).Build.0 = Debug|TwinCAT RT (x64)
		{1ED7AB70-086E-4237-9591-150B2F7A5494}.Debug|TwinCAT RT (x86).ActiveCfg = Debug|TwinCAT RT (x86)
		{1ED7AB70-086E-4237-9591-150B2F7A5494}.Debug|TwinCAT RT (x86).Build.0 = Debug|TwinCAT RT (x86)
		{1ED7AB70-086E-4237-9591-150B2F7A5494}.Release|TwinCAT OS (ARMV7-A).ActiveCfg = Release|TwinCAT OS (ARMV7-A)
		{1ED7AB70-086E-4237-9591-150B2F7A5494}.Release|TwinCAT OS (ARMV7-A).Build.0 = Release|TwinCAT OS (ARMV7-A)
		{1ED7AB70-086E-4237-9591-150B2F7A5494}.Release|TwinCAT OS (ARMV7-M).ActiveCfg = Release|TwinCAT OS (ARMV7-M)
		{1ED7AB70-086E-4237-9591-150B2F7A5494}.Release|TwinCAT OS (ARMV7-M).Build.0 = Release|TwinCAT OS (ARMV7-M)
		{1ED7AB70-086E-4237-9591-150B2F7A5494}.Release|TwinCAT OS (ARMV8-A).ActiveCfg = Release|TwinCAT OS (ARMV8-A)
		{1ED7AB70-086E-4237-9591-150B2F7A5494}.Release|TwinCAT OS (ARMV8-A).Build.0 = Release|TwinCAT OS (ARMV8-A)
		{1ED7AB70-086E-4237-9591-150B2F7A5494}.Release|TwinCAT OS (x64).ActiveCfg = Release|TwinCAT OS (x64)
		{1ED7AB70-086E-4237-9591-150B2F7A5494}.Release|TwinCAT OS (x64).Build.0 = Release|TwinCAT OS (x64)
		{1ED7AB70-086E-4237-9591-150B2F7A5494}.Release|TwinCAT OS (x64-E).ActiveCfg = Release|TwinCAT OS (x64-E)
		{1ED7AB70-086E-4237-9591-150B2F7A5494}.Release|TwinCAT OS (x64-E).Build.0 = Release|TwinCAT OS (x64-E)
		{1ED7AB70-086E-4237-9591-150B2F7A5494}.Release|TwinCAT RT (x64).ActiveCfg = Release|TwinCAT RT (x64)
		{1ED7AB70-086E-4237-9591-150B2F7A5494}.Release|TwinCAT RT (x64).Build.0 = Release|TwinCAT RT (x64)
		{1ED7AB70-086E-4237-9591-150B2F7A5494}.Release|TwinCAT RT (x86).ActiveCfg = Release|TwinCAT RT (x86)
		{1ED7AB70-086E-4237-9591-150B2F7A5494}.Release|TwinCAT RT (x86).Build.0 = Release|TwinCAT RT (x86)
		{35BE2680-8BEA-42BB-A69F-6B80AC6C5795}.Debug|TwinCAT OS (ARMV7-A).ActiveCfg = Debug|TwinCAT OS (ARMV7-A)
		{35BE2680-8BEA-42BB-A69F-6B80AC6C5795}.Debug|TwinCAT OS (ARMV7-A).Build.0 = Debug|TwinCAT OS (ARMV7-A)
		{35BE2680-8BEA-42BB-A69F-6B80AC6C5795}.Debug|TwinCAT OS (ARMV7-M).ActiveCfg = Debug|TwinCAT OS (ARMV7-M)
		{35BE2680-8BEA-42BB-A69F-6B80AC6C5795}.Debug|TwinCAT OS (ARMV7-M).Build.0 = Debug|TwinCAT OS (ARMV7-M)
		{35BE2680-8BEA-42BB-A69F-6B80AC6C5795}.Debug|TwinCAT OS (ARMV8-A).ActiveCfg = Debug|TwinCAT OS (ARMV8-A)
		{35BE2680-8BEA-42BB-A69F-6B80AC6C5795}.Debug|TwinCAT OS (ARMV8-A).Build.0 = Debug|TwinCAT OS (ARMV8-A)
		{35BE2680-8BEA-42BB-A69F-6B80AC6C5795}.Debug|TwinCAT OS (x64).ActiveCfg = Debug|TwinCAT OS (x64)
		{35BE2680-8BEA-42BB-A69F-6B80AC6C5795}.Debug|TwinCAT OS (x64).Build.0 = Debug|TwinCAT OS (x64)
		{35BE2680-8BEA-42BB-A69F-6B80AC6C5795}.Debug|TwinCAT OS (x64-E).ActiveCfg = Debug|TwinCAT OS (x64-E)
		{35BE2680-8BEA-42BB-A69F-6B80AC6C5795}.Debug|TwinCAT OS (x64-E).Build.0 = Debug|TwinCAT OS (x64-E)
		{35BE2680-8BEA-42BB-A69F-6B80AC6C5795}.Debug|TwinCAT RT (x64).ActiveCfg = Debug|TwinCAT RT (x64)
		{35BE2680-8BEA-42BB-A69F-6B80AC6C5795}.Debug|TwinCAT RT (x64).Build.0 = Debug|TwinCAT RT (x64)
		{35BE2680-8BEA-42BB-A69F-6B80AC6C5795}.Debug|TwinCAT RT (x86).ActiveCfg = Debug|TwinCAT RT (x86)
		{35BE2680-8BEA-42BB-A69F-6B80AC6C5795}.Debug|TwinCAT RT (x86).Build.0 = Debug|TwinCAT RT (x86)
		{35BE2680-8BEA-42BB-A69F-6B80AC6C5795}.Release|TwinCAT OS (ARMV7-A).ActiveCfg = Release|TwinCAT OS (ARMV7-A)
		{35BE2680-8BEA-42BB-A69F-6B80AC6C5795}.Release|TwinCAT OS (ARMV7-A).Build.0 = Release|TwinCAT OS (ARMV7-A)
		{35BE2680-8BEA-42BB-A69F-6B80AC6C5795}.Release|TwinCAT OS (ARMV7-M).ActiveCfg = Release|TwinCAT OS (ARMV7-M)
		{35BE2680-8BEA-42BB-A69F-6B80AC6C5795}.Release|TwinCAT OS (ARMV7-M).Build.0 = Release|TwinCAT OS (ARMV7-M)
		{35BE2680-8BEA-42BB-A69F-6B80AC6C5795}.Release|TwinCAT OS (ARMV8-A).ActiveCfg = Release|TwinCAT OS (ARMV8-A)
		{35BE2680-8BEA-42BB-A69F-6B80AC6C5795}.Release|TwinCAT OS (ARMV8-A).Build.0 = Release|TwinCAT OS (ARMV8-A)
		{35BE2680-8BEA-42BB-A69F-6B80AC6C5795}.Release|TwinCAT OS (x64).ActiveCfg = Release|TwinCAT OS (x64)
		{35BE2680-8BEA-42BB-A69F-6B80AC6C5795}.Release|TwinCAT OS (x64).Build.0 = Release|TwinCAT OS (x64)
		{35BE2680-8BEA-42BB-A69F-6B80AC6C5795}.Release|TwinCAT OS (x64-E).ActiveCfg = Release|TwinCAT OS (x64-E)
		{35BE2680-8BEA-42BB-A69F-6B80AC6C5795}.Release|TwinCAT OS (x64-E).Build.0 = Release|TwinCAT OS (x64-E)
		{35BE2680-8BEA-42BB-A69F-6B80AC6C5795}.Release|TwinCAT RT (x64).ActiveCfg = Release|TwinCAT RT (x64)
		{35BE2680-8BEA-42BB-A69F-6B80AC6C5795}.Release|TwinCAT RT (x64).Build.0 = Release|TwinCAT RT (x64)
		{35BE2680-8BEA-42BB-A69F-6B80AC6C5795}.Release|TwinCAT RT (x86).ActiveCfg = Release|TwinCAT RT (x86)
		{35BE2680-8BEA-42BB-A69F-6B80AC6C5795}.Release|TwinCAT RT (x86).Build.0 = Release|TwinCAT RT (x86)
	EndGlobalSection
	GlobalSection(SolutionProperties) = preSolution
		HideSolutionNode = FALSE
	EndGlobalSection
	GlobalSection(ExtensibilityGlobals) = postSolution
		SolutionGuid = {6B816ECA-F13E-4908-B437-B3F53AECF6FF}
	EndGlobalSection
EndGlobal
